{
  "name": "line-home-ai",
  "version": "1.0.0",
  "lockfileVersion": 3,
  "requires": true,
  "packages": {
    "": {
      "name": "line-home-ai",
      "version": "1.0.0",
      "devDependencies": {
        "typescript": "5.8.3",
        "wrangler": "4.45.0"
      },
      "engines": {
        "node": ">=20"
      }
    }
  }
}